
Microsoft Visual Studio Solution File, Format Version 12.00
# Visual Studio 15
VisualStudioVersion = 15.0.28306.52
MinimumVisualStudioVersion = 10.0.40219.1
Project("{9A19103F-16F7-4668-BE54-9A1E7A4F7556}") = "ClockClient", "src\ClockClient\ClockClient\ClockClient.csproj", "{5918570F-23B0-4B3D-A263-9A9B576CB714}"
EndProject
Project("{FAE04EC0-301F-11D3-BF4B-00C04F79EFBC}") = "ClockClient.Android", "src\ClockClient\ClockClient.Android\ClockClient.Android.csproj", "{F590C730-A5D5-4498-AC78-979F97C8F8F7}"
EndProject
Project("{9A19103F-16F7-4668-BE54-9A1E7A4F7556}") = "ClockClient.VM", "src\ClockClient\ClockClient.VM\ClockClient.VM.csproj", "{E2070568-41F4-4E10-BA17-19CFBAD04398}"
EndProject
Project("{9A19103F-16F7-4668-BE54-9A1E7A4F7556}") = "ItSoft.Command", "src\ItSoft.Command\ItSoft.Command.csproj", "{993CB090-AA9A-4F07-8719-479979576160}"
EndProject
Project("{2150E333-8FDC-42A3-9474-1A3956D46DE8}") = "Core", "Core", "{8C336EAB-49A3-4099-A86E-92862CC61AD1}"
EndProject
Project("{2150E333-8FDC-42A3-9474-1A3956D46DE8}") = "ClientService", "ClientService", "{B4DF091E-0843-461C-9B12-C69DD664EFA2}"
EndProject
Project("{9A19103F-16F7-4668-BE54-9A1E7A4F7556}") = "ItSoft.ClientService", "src\ItSoft.ClientService\ItSoft.ClientService.csproj", "{9B5E5C30-432C-40D9-B896-89E79762BB89}"
EndProject
Project("{FAE04EC0-301F-11D3-BF4B-00C04F79EFBC}") = "ItSoft.ClientService.Tests", "test\ItSoft.ClientService.Tests\ItSoft.ClientService.Tests.csproj", "{104E8434-8916-4F10-8707-F59AD8DE5972}"
EndProject
Global
	GlobalSection(SolutionConfigurationPlatforms) = preSolution
		Debug|Any CPU = Debug|Any CPU
		Release|Any CPU = Release|Any CPU
	EndGlobalSection
	GlobalSection(ProjectConfigurationPlatforms) = postSolution
		{5918570F-23B0-4B3D-A263-9A9B576CB714}.Debug|Any CPU.ActiveCfg = Debug|Any CPU
		{5918570F-23B0-4B3D-A263-9A9B576CB714}.Debug|Any CPU.Build.0 = Debug|Any CPU
		{5918570F-23B0-4B3D-A263-9A9B576CB714}.Release|Any CPU.ActiveCfg = Release|Any CPU
		{5918570F-23B0-4B3D-A263-9A9B576CB714}.Release|Any CPU.Build.0 = Release|Any CPU
		{F590C730-A5D5-4498-AC78-979F97C8F8F7}.Debug|Any CPU.ActiveCfg = Debug|Any CPU
		{F590C730-A5D5-4498-AC78-979F97C8F8F7}.Debug|Any CPU.Build.0 = Debug|Any CPU
		{F590C730-A5D5-4498-AC78-979F97C8F8F7}.Debug|Any CPU.Deploy.0 = Debug|Any CPU
		{F590C730-A5D5-4498-AC78-979F97C8F8F7}.Release|Any CPU.ActiveCfg = Release|Any CPU
		{F590C730-A5D5-4498-AC78-979F97C8F8F7}.Release|Any CPU.Build.0 = Release|Any CPU
		{F590C730-A5D5-4498-AC78-979F97C8F8F7}.Release|Any CPU.Deploy.0 = Release|Any CPU
		{E2070568-41F4-4E10-BA17-19CFBAD04398}.Debug|Any CPU.ActiveCfg = Debug|Any CPU
		{E2070568-41F4-4E10-BA17-19CFBAD04398}.Debug|Any CPU.Build.0 = Debug|Any CPU
		{E2070568-41F4-4E10-BA17-19CFBAD04398}.Release|Any CPU.ActiveCfg = Release|Any CPU
		{E2070568-41F4-4E10-BA17-19CFBAD04398}.Release|Any CPU.Build.0 = Release|Any CPU
		{993CB090-AA9A-4F07-8719-479979576160}.Debug|Any CPU.ActiveCfg = Debug|Any CPU
		{993CB090-AA9A-4F07-8719-479979576160}.Debug|Any CPU.Build.0 = Debug|Any CPU
		{993CB090-AA9A-4F07-8719-479979576160}.Release|Any CPU.ActiveCfg = Release|Any CPU
		{993CB090-AA9A-4F07-8719-479979576160}.Release|Any CPU.Build.0 = Release|Any CPU
		{9B5E5C30-432C-40D9-B896-89E79762BB89}.Debug|Any CPU.ActiveCfg = Debug|Any CPU
		{9B5E5C30-432C-40D9-B896-89E79762BB89}.Debug|Any CPU.Build.0 = Debug|Any CPU
		{9B5E5C30-432C-40D9-B896-89E79762BB89}.Release|Any CPU.ActiveCfg = Release|Any CPU
		{9B5E5C30-432C-40D9-B896-89E79762BB89}.Release|Any CPU.Build.0 = Release|Any CPU
		{104E8434-8916-4F10-8707-F59AD8DE5972}.Debug|Any CPU.ActiveCfg = Debug|Any CPU
		{104E8434-8916-4F10-8707-F59AD8DE5972}.Debug|Any CPU.Build.0 = Debug|Any CPU
		{104E8434-8916-4F10-8707-F59AD8DE5972}.Release|Any CPU.ActiveCfg = Release|Any CPU
		{104E8434-8916-4F10-8707-F59AD8DE5972}.Release|Any CPU.Build.0 = Release|Any CPU
	EndGlobalSection
	GlobalSection(SolutionProperties) = preSolution
		HideSolutionNode = FALSE
	EndGlobalSection
	GlobalSection(NestedProjects) = preSolution
		{993CB090-AA9A-4F07-8719-479979576160} = {8C336EAB-49A3-4099-A86E-92862CC61AD1}
		{9B5E5C30-432C-40D9-B896-89E79762BB89} = {B4DF091E-0843-461C-9B12-C69DD664EFA2}
		{104E8434-8916-4F10-8707-F59AD8DE5972} = {B4DF091E-0843-461C-9B12-C69DD664EFA2}
	EndGlobalSection
	GlobalSection(ExtensibilityGlobals) = postSolution
		SolutionGuid = {C5C17F7F-CA3C-4F72-83C4-4861F4F518AD}
	EndGlobalSection
EndGlobal
